
Microsoft Visual Studio Solution File, Format Version 12.00
# Visual Studio Version 16
VisualStudioVersion = 16.0.30114.105
MinimumVisualStudioVersion = 10.0.40219.1
Project("{FAE04EC0-301F-11D3-BF4B-00C04F79EFBC}") = "back-end.Web", "back-end.Web\back-end.Web.csproj", "{F12B3E09-1A1A-4D97-8077-BAA4DBE0F9AF}"
EndProject
Project("{FAE04EC0-301F-11D3-BF4B-00C04F79EFBC}") = "back-end.Test", "back-end.Test\back-end.Test.csproj", "{6517F815-4B3E-4831-A356-38BD4CC56B85}"
EndProject
Global
	GlobalSection(SolutionConfigurationPlatforms) = preSolution
		Debug|Any CPU = Debug|Any CPU
		Release|Any CPU = Release|Any CPU
	EndGlobalSection
	GlobalSection(SolutionProperties) = preSolution
		HideSolutionNode = FALSE
	EndGlobalSection
	GlobalSection(ProjectConfigurationPlatforms) = postSolution
		{F12B3E09-1A1A-4D97-8077-BAA4DBE0F9AF}.Debug|Any CPU.ActiveCfg = Debug|Any CPU
		{F12B3E09-1A1A-4D97-8077-BAA4DBE0F9AF}.Debug|Any CPU.Build.0 = Debug|Any CPU
		{F12B3E09-1A1A-4D97-8077-BAA4DBE0F9AF}.Release|Any CPU.ActiveCfg = Release|Any CPU
		{F12B3E09-1A1A-4D97-8077-BAA4DBE0F9AF}.Release|Any CPU.Build.0 = Release|Any CPU
		{6517F815-4B3E-4831-A356-38BD4CC56B85}.Debug|Any CPU.ActiveCfg = Debug|Any CPU
		{6517F815-4B3E-4831-A356-38BD4CC56B85}.Debug|Any CPU.Build.0 = Debug|Any CPU
		{6517F815-4B3E-4831-A356-38BD4CC56B85}.Release|Any CPU.ActiveCfg = Release|Any CPU
		{6517F815-4B3E-4831-A356-38BD4CC56B85}.Release|Any CPU.Build.0 = Release|Any CPU
	EndGlobalSection
EndGlobal
